
Microsoft Visual Studio Solution File, Format Version 12.00
# Visual Studio Version 17
VisualStudioVersion = 17.7.34018.315
MinimumVisualStudioVersion = 10.0.40219.1
Project("{FAE04EC0-301F-11D3-BF4B-00C04F79EFBC}") = "Week10_real", "Week10_real\Week10_real.csproj", "{03842926-5297-4BD5-9DEB-CE8AB36FAB1B}"
EndProject
Global
	GlobalSection(SolutionConfigurationPlatforms) = preSolution
		Debug|Any CPU = Debug|Any CPU
		Release|Any CPU = Release|Any CPU
	EndGlobalSection
	GlobalSection(ProjectConfigurationPlatforms) = postSolution
		{03842926-5297-4BD5-9DEB-CE8AB36FAB1B}.Debug|Any CPU.ActiveCfg = Debug|Any CPU
		{03842926-5297-4BD5-9DEB-CE8AB36FAB1B}.Debug|Any CPU.Build.0 = Debug|Any CPU
		{03842926-5297-4BD5-9DEB-CE8AB36FAB1B}.Release|Any CPU.ActiveCfg = Release|Any CPU
		{03842926-5297-4BD5-9DEB-CE8AB36FAB1B}.Release|Any CPU.Build.0 = Release|Any CPU
	EndGlobalSection
	GlobalSection(SolutionProperties) = preSolution
		HideSolutionNode = FALSE
	EndGlobalSection
	GlobalSection(ExtensibilityGlobals) = postSolution
		SolutionGuid = {A20CE0F3-BD82-44F0-AAFF-43AF8E4DCB1F}
	EndGlobalSection
EndGlobal
